// !$*UTF8*$!
{
	archiveVersion = 1;
	classes = {
	};
	objectVersion = 46;
	objects = {

/* Begin PBXBuildFile section */
		59366E741CC47E4E00E2DC01 /* main.m in Sources */ = {isa = PBXBuildFile; fileRef = 59366E731CC47E4E00E2DC01 /* main.m */; };
		59366E771CC47E4E00E2DC01 /* AppDelegate.m in Sources */ = {isa = PBXBuildFile; fileRef = 59366E761CC47E4E00E2DC01 /* AppDelegate.m */; };
		59366E7A1CC47E4E00E2DC01 /* ViewController.m in Sources */ = {isa = PBXBuildFile; fileRef = 59366E791CC47E4E00E2DC01 /* ViewController.m */; };
		59366E7D1CC47E4E00E2DC01 /* Main.storyboard in Resources */ = {isa = PBXBuildFile; fileRef = 59366E7B1CC47E4E00E2DC01 /* Main.storyboard */; };
		59366E7F1CC47E4E00E2DC01 /* Assets.xcassets in Resources */ = {isa = PBXBuildFile; fileRef = 59366E7E1CC47E4E00E2DC01 /* Assets.xcassets */; };
		59366E821CC47E4E00E2DC01 /* LaunchScreen.storyboard in Resources */ = {isa = PBXBuildFile; fileRef = 59366E801CC47E4E00E2DC01 /* LaunchScreen.storyboard */; };
		59366E8C1CC47EBE00E2DC01 /* StockCell.m in Sources */ = {isa = PBXBuildFile; fileRef = 59366E8A1CC47EBE00E2DC01 /* StockCell.m */; };
		59366E8D1CC47EBE00E2DC01 /* StockCell.xib in Resources */ = {isa = PBXBuildFile; fileRef = 59366E8B1CC47EBE00E2DC01 /* StockCell.xib */; };
		59366E931CC4AA5C00E2DC01 /* SysScrollView.m in Sources */ = {isa = PBXBuildFile; fileRef = 59366E921CC4AA5C00E2DC01 /* SysScrollView.m */; };
/* End PBXBuildFile section */

/* Begin PBXFileReference section */
		59366E6F1CC47E4E00E2DC01 /* TableViewDemo.app */ = {isa = PBXFileReference; explicitFileType = wrapper.application; includeInIndex = 0; path = TableViewDemo.app; sourceTree = BUILT_PRODUCTS_DIR; };
		59366E731CC47E4E00E2DC01 /* main.m */ = {isa = PBXFileReference; lastKnownFileType = sourcecode.c.objc; path = main.m; sourceTree = "<group>"; };
		59366E751CC47E4E00E2DC01 /* AppDelegate.h */ = {isa = PBXFileReference; lastKnownFileType = sourcecode.c.h; path = AppDelegate.h; sourceTree = "<group>"; };
		59366E761CC47E4E00E2DC01 /* AppDelegate.m */ = {isa = PBXFileReference; lastKnownFileType = sourcecode.c.objc; path = AppDelegate.m; sourceTree = "<group>"; };
		59366E781CC47E4E00E2DC01 /* ViewController.h */ = {isa = PBXFileReference; lastKnownFileType = sourcecode.c.h; path = ViewController.h; sourceTree = "<group>"; };
		59366E791CC47E4E00E2DC01 /* ViewController.m */ = {isa = PBXFileReference; lastKnownFileType = sourcecode.c.objc; path = ViewController.m; sourceTree = "<group>"; };
		59366E7C1CC47E4E00E2DC01 /* Base */ = {isa = PBXFileReference; lastKnownFileType = file.storyboard; name = Base; path = Base.lproj/Main.storyboard; sourceTree = "<group>"; };
		59366E7E1CC47E4E00E2DC01 /* Assets.xcassets */ = {isa = PBXFileReference; lastKnownFileType = folder.assetcatalog; path = Assets.xcassets; sourceTree = "<group>"; };
		59366E811CC47E4E00E2DC01 /* Base */ = {isa = PBXFileReference; lastKnownFileType = file.storyboard; name = Base; path = Base.lproj/LaunchScreen.storyboard; sourceTree = "<group>"; };
		59366E831CC47E4E00E2DC01 /* Info.plist */ = {isa = PBXFileReference; lastKnownFileType = text.plist.xml; path = Info.plist; sourceTree = "<group>"; };
		59366E891CC47EBE00E2DC01 /* StockCell.h */ = {isa = PBXFileReference; fileEncoding = 4; lastKnownFileType = sourcecode.c.h; path = StockCell.h; sourceTree = "<group>"; };
		59366E8A1CC47EBE00E2DC01 /* StockCell.m */ = {isa = PBXFileReference; fileEncoding = 4; lastKnownFileType = sourcecode.c.objc; path = StockCell.m; sourceTree = "<group>"; };
		59366E8B1CC47EBE00E2DC01 /* StockCell.xib */ = {isa = PBXFileReference; fileEncoding = 4; lastKnownFileType = file.xib; path = StockCell.xib; sourceTree = "<group>"; };
		59366E911CC4AA5C00E2DC01 /* SysScrollView.h */ = {isa = PBXFileReference; fileEncoding = 4; lastKnownFileType = sourcecode.c.h; path = SysScrollView.h; sourceTree = "<group>"; };
		59366E921CC4AA5C00E2DC01 /* SysScrollView.m */ = {isa = PBXFileReference; fileEncoding = 4; lastKnownFileType = sourcecode.c.objc; path = SysScrollView.m; sourceTree = "<group>"; };
/* End PBXFileReference section */

/* Begin PBXFrameworksBuildPhase section */
		59366E6C1CC47E4E00E2DC01 /* Frameworks */ = {
			isa = PBXFrameworksBuildPhase;
			buildActionMask = 2147483647;
			files = (
			);
			runOnlyForDeploymentPostprocessing = 0;
		};
/* End PBXFrameworksBuildPhase section */

/* Begin PBXGroup section */
		59366E661CC47E4E00E2DC01 = {
			isa = PBXGroup;
			children = (
				59366E711CC47E4E00E2DC01 /* TableViewDemo */,
				59366E701CC47E4E00E2DC01 /* Products */,
			);
			sourceTree = "<group>";
		};
		59366E701CC47E4E00E2DC01 /* Products */ = {
			isa = PBXGroup;
			children = (
				59366E6F1CC47E4E00E2DC01 /* TableViewDemo.app */,
			);
			name = Products;
			sourceTree = "<group>";
		};
		59366E711CC47E4E00E2DC01 /* TableViewDemo */ = {
			isa = PBXGroup;
			children = (
				59366E751CC47E4E00E2DC01 /* AppDelegate.h */,
				59366E761CC47E4E00E2DC01 /* AppDelegate.m */,
				59366E781CC47E4E00E2DC01 /* ViewController.h */,
				59366E791CC47E4E00E2DC01 /* ViewController.m */,
				59366E911CC4AA5C00E2DC01 /* SysScrollView.h */,
				59366E921CC4AA5C00E2DC01 /* SysScrollView.m */,
				59366E891CC47EBE00E2DC01 /* StockCell.h */,
				59366E8A1CC47EBE00E2DC01 /* StockCell.m */,
				59366E8B1CC47EBE00E2DC01 /* StockCell.xib */,
				59366E7B1CC47E4E00E2DC01 /* Main.storyboard */,
				59366E7E1CC47E4E00E2DC01 /* Assets.xcassets */,
				59366E801CC47E4E00E2DC01 /* LaunchScreen.storyboard */,
				59366E831CC47E4E00E2DC01 /* Info.plist */,
				59366E721CC47E4E00E2DC01 /* Supporting Files */,
			);
			path = TableViewDemo;
			sourceTree = "<group>";
		};
		59366E721CC47E4E00E2DC01 /* Supporting Files */ = {
			isa = PBXGroup;
			children = (
				59366E731CC47E4E00E2DC01 /* main.m */,
			);
			name = "Supporting Files";
			sourceTree = "<group>";
		};
/* End PBXGroup section */

/* Begin PBXNativeTarget section */
		59366E6E1CC47E4E00E2DC01 /* TableViewDemo */ = {
			isa = PBXNativeTarget;
			buildConfigurationList = 59366E861CC47E4E00E2DC01 /* Build configuration list for PBXNativeTarget "TableViewDemo" */;
			buildPhases = (
				59366E6B1CC47E4E00E2DC01 /* Sources */,
				59366E6C1CC47E4E00E2DC01 /* Frameworks */,
				59366E6D1CC47E4E00E2DC01 /* Resources */,
			);
			buildRules = (
			);
			dependencies = (
			);
			name = TableViewDemo;
			productName = TableViewDemo;
			productReference = 59366E6F1CC47E4E00E2DC01 /* TableViewDemo.app */;
			productType = "com.apple.product-type.application";
		};
/* End PBXNativeTarget section */

/* Begin PBXProject section */
		59366E671CC47E4E00E2DC01 /* Project object */ = {
			isa = PBXProject;
			attributes = {
				LastUpgradeCheck = 0720;
				ORGANIZATIONNAME = sys.com;
				TargetAttributes = {
					59366E6E1CC47E4E00E2DC01 = {
						CreatedOnToolsVersion = 7.2.1;
					};
				};
			};
			buildConfigurationList = 59366E6A1CC47E4E00E2DC01 /* Build configuration list for PBXProject "TableViewDemo" */;
			compatibilityVersion = "Xcode 3.2";
			developmentRegion = English;
			hasScannedForEncodings = 0;
			knownRegions = (
				en,
				Base,
			);
			mainGroup = 59366E661CC47E4E00E2DC01;
			productRefGroup = 59366E701CC47E4E00E2DC01 /* Products */;
			projectDirPath = "";
			projectRoot = "";
			targets = (
				59366E6E1CC47E4E00E2DC01 /* TableViewDemo */,
			);
		};
/* End PBXProject section */

/* Begin PBXResourcesBuildPhase section */
		59366E6D1CC47E4E00E2DC01 /* Resources */ = {
			isa = PBXResourcesBuildPhase;
			buildActionMask = 2147483647;
			files = (
				59366E821CC47E4E00E2DC01 /* LaunchScreen.storyboard in Resources */,
				59366E7F1CC47E4E00E2DC01 /* Assets.xcassets in Resources */,
				59366E8D1CC47EBE00E2DC01 /* StockCell.xib in Resources */,
				59366E7D1CC47E4E00E2DC01 /* Main.storyboard in Resources */,
			);
			runOnlyForDeploymentPostprocessing = 0;
		};
/* End PBXResourcesBuildPhase section */

/* Begin PBXSourcesBuildPhase section */
		59366E6B1CC47E4E00E2DC01 /* Sources */ = {
			isa = PBXSourcesBuildPhase;
			buildActionMask = 2147483647;
			files = (
				59366E931CC4AA5C00E2DC01 /* SysScrollView.m in Sources */,
				59366E7A1CC47E4E00E2DC01 /* ViewController.m in Sources */,
				59366E771CC47E4E00E2DC01 /* AppDelegate.m in Sources */,
				59366E8C1CC47EBE00E2DC01 /* StockCell.m in Sources */,
				59366E741CC47E4E00E2DC01 /* main.m in Sources */,
			);
			runOnlyForDeploymentPostprocessing = 0;
		};
/* End PBXSourcesBuildPhase section */

/* Begin PBXVariantGroup section */
		59366E7B1CC47E4E00E2DC01 /* Main.storyboard */ = {
			isa = PBXVariantGroup;
			children = (
				59366E7C1CC47E4E00E2DC01 /* Base */,
			);
			name = Main.storyboard;
			sourceTree = "<group>";
		};
		59366E801CC47E4E00E2DC01 /* LaunchScreen.storyboard */ = {
			isa = PBXVariantGroup;
			children = (
				59366E811CC47E4E00E2DC01 /* Base */,
			);
			name = LaunchScreen.storyboard;
			sourceTree = "<group>";
		};
/* End PBXVariantGroup section */

/* Begin XCBuildConfiguration section */
		59366E841CC47E4E00E2DC01 /* Debug */ = {
			isa = XCBuildConfiguration;
			buildSettings = {
				ALWAYS_SEARCH_USER_PATHS = NO;
				CLANG_CXX_LANGUAGE_STANDARD = "gnu++0x";
				CLANG_CXX_LIBRARY = "libc++";
				CLANG_ENABLE_MODULES = YES;
				CLANG_ENABLE_OBJC_ARC = YES;
				CLANG_WARN_BOOL_CONVERSION = YES;
				CLANG_WARN_CONSTANT_CONVERSION = YES;
				CLANG_WARN_DIRECT_OBJC_ISA_USAGE = YES_ERROR;
				CLANG_WARN_EMPTY_BODY = YES;
				CLANG_WARN_ENUM_CONVERSION = YES;
				CLANG_WARN_INT_CONVERSION = YES;
				CLANG_WARN_OBJC_ROOT_CLASS = YES_ERROR;
				CLANG_WARN_UNREACHABLE_CODE = YES;
				CLANG_WARN__DUPLICATE_METHOD_MATCH = YES;
				"CODE_SIGN_IDENTITY[sdk=iphoneos*]" = "iPhone Developer";
				COPY_PHASE_STRIP = NO;
				DEBUG_INFORMATION_FORMAT = dwarf;
				ENABLE_STRICT_OBJC_MSGSEND = YES;
				ENABLE_TESTABILITY = YES;
				GCC_C_LANGUAGE_STANDARD = gnu99;
				GCC_DYNAMIC_NO_PIC = NO;
				GCC_NO_COMMON_BLOCKS = YES;
				GCC_OPTIMIZATION_LEVEL = 0;
				GCC_PREPROCESSOR_DEFINITIONS = (
					"DEBUG=1",
					"$(inherited)",
				);
				GCC_WARN_64_TO_32_BIT_CONVERSION = YES;
				GCC_WARN_ABOUT_RETURN_TYPE = YES_ERROR;
				GCC_WARN_UNDECLARED_SELECTOR = YES;
				GCC_WARN_UNINITIALIZED_AUTOS = YES_AGGRESSIVE;
				GCC_WARN_UNUSED_FUNCTION = YES;
				GCC_WARN_UNUSED_VARIABLE = YES;
				IPHONEOS_DEPLOYMENT_TARGET = 9.2;
				MTL_ENABLE_DEBUG_INFO = YES;
				ONLY_ACTIVE_ARCH = YES;
				SDKROOT = iphoneos;
				TARGETED_DEVICE_FAMILY = "1,2";
			};
			name = Debug;
		};
		59366E851CC47E4E00E2DC01 /* Release */ = {
			isa = XCBuildConfiguration;
			buildSettings = {
				ALWAYS_SEARCH_USER_PATHS = NO;
				CLANG_CXX_LANGUAGE_STANDARD = "gnu++0x";
				CLANG_CXX_LIBRARY = "libc++";
				CLANG_ENABLE_MODULES = YES;
				CLANG_ENABLE_OBJC_ARC = YES;
				CLANG_WARN_BOOL_CONVERSION = YES;
				CLANG_WARN_CONSTANT_CONVERSION = YES;
				CLANG_WARN_DIRECT_OBJC_ISA_USAGE = YES_ERROR;
				CLANG_WARN_EMPTY_BODY = YES;
				CLANG_WARN_ENUM_CONVERSION = YES;
				CLANG_WARN_INT_CONVERSION = YES;
				CLANG_WARN_OBJC_ROOT_CLASS = YES_ERROR;
				CLANG_WARN_UNREACHABLE_CODE = YES;
				CLANG_WARN__DUPLICATE_METHOD_MATCH = YES;
				"CODE_SIGN_IDENTITY[sdk=iphoneos*]" = "iPhone Developer";
				COPY_PHASE_STRIP = NO;
				DEBUG_INFORMATION_FORMAT = "dwarf-with-dsym";
				ENABLE_NS_ASSERTIONS = NO;
				ENABLE_STRICT_OBJC_MSGSEND = YES;
				GCC_C_LANGUAGE_STANDARD = gnu99;
				GCC_NO_COMMON_BLOCKS = YES;
				GCC_WARN_64_TO_32_BIT_CONVERSION = YES;
				GCC_WARN_ABOUT_RETURN_TYPE = YES_ERROR;
				GCC_WARN_UNDECLARED_SELECTOR = YES;
				GCC_WARN_UNINITIALIZED_AUTOS = YES_AGGRESSIVE;
				GCC_WARN_UNUSED_FUNCTION = YES;
				GCC_WARN_UNUSED_VARIABLE = YES;
				IPHONEOS_DEPLOYMENT_TARGET = 9.2;
				MTL_ENABLE_DEBUG_INFO = NO;
				SDKROOT = iphoneos;
				TARGETED_DEVICE_FAMILY = "1,2";
				VALIDATE_PRODUCT = YES;
			};
			name = Release;
		};
		59366E871CC47E4E00E2DC01 /* Debug */ = {
			isa = XCBuildConfiguration;
			buildSettings = {
				ASSETCATALOG_COMPILER_APPICON_NAME = AppIcon;
				INFOPLIST_FILE = TableViewDemo/Info.plist;
				LD_RUNPATH_SEARCH_PATHS = "$(inherited) @executable_path/Frameworks";
				PRODUCT_BUNDLE_IDENTIFIER = sys.TableViewDemo;
				PRODUCT_NAME = "$(TARGET_NAME)";
			};
			name = Debug;
		};
		59366E881CC47E4E00E2DC01 /* Release */ = {
			isa = XCBuildConfiguration;
			buildSettings = {
				ASSETCATALOG_COMPILER_APPICON_NAME = AppIcon;
				INFOPLIST_FILE = TableViewDemo/Info.plist;
				LD_RUNPATH_SEARCH_PATHS = "$(inherited) @executable_path/Frameworks";
				PRODUCT_BUNDLE_IDENTIFIER = sys.TableViewDemo;
				PRODUCT_NAME = "$(TARGET_NAME)";
			};
			name = Release;
		};
/* End XCBuildConfiguration section */

/* Begin XCConfigurationList section */
		59366E6A1CC47E4E00E2DC01 /* Build configuration list for PBXProject "TableViewDemo" */ = {
			isa = XCConfigurationList;
			buildConfigurations = (
				59366E841CC47E4E00E2DC01 /* Debug */,
				59366E851CC47E4E00E2DC01 /* Release */,
			);
			defaultConfigurationIsVisible = 0;
			defaultConfigurationName = Release;
		};
		59366E861CC47E4E00E2DC01 /* Build configuration list for PBXNativeTarget "TableViewDemo" */ = {
			isa = XCConfigurationList;
			buildConfigurations = (
				59366E871CC47E4E00E2DC01 /* Debug */,
				59366E881CC47E4E00E2DC01 /* Release */,
			);
			defaultConfigurationIsVisible = 0;
		};
/* End XCConfigurationList section */
	};
	rootObject = 59366E671CC47E4E00E2DC01 /* Project object */;
}
